
Microsoft Visual Studio Solution File, Format Version 12.00
# Visual Studio 15
VisualStudioVersion = 15.0.28307.757
MinimumVisualStudioVersion = 10.0.40219.1
Project("{8BC9CEB8-8B4A-11D0-8D11-00A0C91BC942}") = "252", "252\252.vcxproj", "{89437D85-BE97-4316-9C24-EF129175611E}"
EndProject
Global
	GlobalSection(SolutionConfigurationPlatforms) = preSolution
		Debug|x64 = Debug|x64
		Debug|x86 = Debug|x86
		Release|x64 = Release|x64
		Release|x86 = Release|x86
	EndGlobalSection
	GlobalSection(ProjectConfigurationPlatforms) = postSolution
		{89437D85-BE97-4316-9C24-EF129175611E}.Debug|x64.ActiveCfg = Debug|x64
		{89437D85-BE97-4316-9C24-EF129175611E}.Debug|x64.Build.0 = Debug|x64
		{89437D85-BE97-4316-9C24-EF129175611E}.Debug|x86.ActiveCfg = Debug|Win32
		{89437D85-BE97-4316-9C24-EF129175611E}.Debug|x86.Build.0 = Debug|Win32
		{89437D85-BE97-4316-9C24-EF129175611E}.Release|x64.ActiveCfg = Release|x64
		{89437D85-BE97-4316-9C24-EF129175611E}.Release|x64.Build.0 = Release|x64
		{89437D85-BE97-4316-9C24-EF129175611E}.Release|x86.ActiveCfg = Release|Win32
		{89437D85-BE97-4316-9C24-EF129175611E}.Release|x86.Build.0 = Release|Win32
	EndGlobalSection
	GlobalSection(SolutionProperties) = preSolution
		HideSolutionNode = FALSE
	EndGlobalSection
	GlobalSection(ExtensibilityGlobals) = postSolution
		SolutionGuid = {BEE5BFB8-F170-4C70-BC60-1D3879024A71}
	EndGlobalSection
EndGlobal
