
Microsoft Visual Studio Solution File, Format Version 12.00
# Visual Studio 15
VisualStudioVersion = 15.0.28307.757
MinimumVisualStudioVersion = 10.0.40219.1
Project("{8BC9CEB8-8B4A-11D0-8D11-00A0C91BC942}") = "521", "521\521.vcxproj", "{06A2040B-1749-472A-887F-B9A53A1D447D}"
EndProject
Global
	GlobalSection(SolutionConfigurationPlatforms) = preSolution
		Debug|x64 = Debug|x64
		Debug|x86 = Debug|x86
		Release|x64 = Release|x64
		Release|x86 = Release|x86
	EndGlobalSection
	GlobalSection(ProjectConfigurationPlatforms) = postSolution
		{06A2040B-1749-472A-887F-B9A53A1D447D}.Debug|x64.ActiveCfg = Debug|x64
		{06A2040B-1749-472A-887F-B9A53A1D447D}.Debug|x64.Build.0 = Debug|x64
		{06A2040B-1749-472A-887F-B9A53A1D447D}.Debug|x86.ActiveCfg = Debug|Win32
		{06A2040B-1749-472A-887F-B9A53A1D447D}.Debug|x86.Build.0 = Debug|Win32
		{06A2040B-1749-472A-887F-B9A53A1D447D}.Release|x64.ActiveCfg = Release|x64
		{06A2040B-1749-472A-887F-B9A53A1D447D}.Release|x64.Build.0 = Release|x64
		{06A2040B-1749-472A-887F-B9A53A1D447D}.Release|x86.ActiveCfg = Release|Win32
		{06A2040B-1749-472A-887F-B9A53A1D447D}.Release|x86.Build.0 = Release|Win32
	EndGlobalSection
	GlobalSection(SolutionProperties) = preSolution
		HideSolutionNode = FALSE
	EndGlobalSection
	GlobalSection(ExtensibilityGlobals) = postSolution
		SolutionGuid = {87FA23F1-1ED7-4288-98C7-A3AB5035A8FF}
	EndGlobalSection
EndGlobal
